
Microsoft Visual Studio Solution File, Format Version 12.00
# Visual Studio 2013
VisualStudioVersion = 12.0.30723.0
MinimumVisualStudioVersion = 10.0.40219.1
Project("{FAE04EC0-301F-11D3-BF4B-00C04F79EFBC}") = "Le Pendu", "Le Pendu\Le Pendu.csproj", "{3C7718A7-0FA5-412F-892B-116950F51ACA}"
EndProject
Project("{FAE04EC0-301F-11D3-BF4B-00C04F79EFBC}") = "Le Pendu 8.0", "Le Pendu 8.0\Le Pendu 8.0.csproj", "{208C2FD3-0120-4A58-A300-CBF53A64D7A2}"
EndProject
Project("{FAE04EC0-301F-11D3-BF4B-00C04F79EFBC}") = "Le Pendu 8.1", "Le Pendu 8.1\Le Pendu 8.1.csproj", "{4A8D85F4-3846-443D-80A4-C0410FE2024C}"
EndProject
Project("{2150E333-8FDC-42A3-9474-1A3956D46DE8}") = "Application universelle", "Application universelle", "{103A876F-538B-4634-A88D-FB6791A0354C}"
EndProject
Project("{2150E333-8FDC-42A3-9474-1A3956D46DE8}") = "Application Windows Phone", "Application Windows Phone", "{A6B09C22-D976-47EB-9ECA-93B9A5AC7853}"
EndProject
Project("{2150E333-8FDC-42A3-9474-1A3956D46DE8}") = "Application Windows 8.1", "Application Windows 8.1", "{516F3841-2ADC-41F7-B501-790128D23E9F}"
EndProject
Project("{FAE04EC0-301F-11D3-BF4B-00C04F79EFBC}") = "Le Pendu W8.1", "Le Pendu W8.1\Le Pendu W8.1.csproj", "{4CC49FFA-9A65-4A4B-A48D-BED8D38C6B52}"
EndProject
Project("{D954291E-2A0B-460D-934E-DC6B0785DB48}") = "Le Pendu Universal.Shared", "Le Pendu Universal\Le Pendu Universal.Shared\Le Pendu Universal.Shared.shproj", "{83D0FBFB-67AB-4EEB-89A2-0144982C5E74}"
EndProject
Project("{FAE04EC0-301F-11D3-BF4B-00C04F79EFBC}") = "Le Pendu Universal.Windows", "Le Pendu Universal\Le Pendu Universal.Windows\Le Pendu Universal.Windows.csproj", "{BE789F0F-7A95-40A7-8A6C-E6C5F17CBDC6}"
EndProject
Project("{FAE04EC0-301F-11D3-BF4B-00C04F79EFBC}") = "Le Pendu Universal.WindowsPhone", "Le Pendu Universal\Le Pendu Universal.WindowsPhone\Le Pendu Universal.WindowsPhone.csproj", "{62D2C1C4-26A2-408D-8CBF-17D4EBDD2676}"
EndProject
Global
	GlobalSection(SharedMSBuildProjectFiles) = preSolution
		Le Pendu Universal\Le Pendu Universal.Shared\Le Pendu Universal.Shared.projitems*{83d0fbfb-67ab-4eeb-89a2-0144982c5e74}*SharedItemsImports = 13
		Le Pendu Universal\Le Pendu Universal.Shared\Le Pendu Universal.Shared.projitems*{be789f0f-7a95-40a7-8a6c-e6c5f17cbdc6}*SharedItemsImports = 4
		Le Pendu Universal\Le Pendu Universal.Shared\Le Pendu Universal.Shared.projitems*{62d2c1c4-26a2-408d-8cbf-17d4ebdd2676}*SharedItemsImports = 4
	EndGlobalSection
	GlobalSection(SolutionConfigurationPlatforms) = preSolution
		Debug|Any CPU = Debug|Any CPU
		Debug|ARM = Debug|ARM
		Debug|x64 = Debug|x64
		Debug|x86 = Debug|x86
		Release|Any CPU = Release|Any CPU
		Release|ARM = Release|ARM
		Release|x64 = Release|x64
		Release|x86 = Release|x86
	EndGlobalSection
	GlobalSection(ProjectConfigurationPlatforms) = postSolution
		{3C7718A7-0FA5-412F-892B-116950F51ACA}.Debug|Any CPU.ActiveCfg = Debug|Any CPU
		{3C7718A7-0FA5-412F-892B-116950F51ACA}.Debug|Any CPU.Build.0 = Debug|Any CPU
		{3C7718A7-0FA5-412F-892B-116950F51ACA}.Debug|Any CPU.Deploy.0 = Debug|Any CPU
		{3C7718A7-0FA5-412F-892B-116950F51ACA}.Debug|ARM.ActiveCfg = Debug|ARM
		{3C7718A7-0FA5-412F-892B-116950F51ACA}.Debug|ARM.Build.0 = Debug|ARM
		{3C7718A7-0FA5-412F-892B-116950F51ACA}.Debug|ARM.Deploy.0 = Debug|ARM
		{3C7718A7-0FA5-412F-892B-116950F51ACA}.Debug|x64.ActiveCfg = Debug|Any CPU
		{3C7718A7-0FA5-412F-892B-116950F51ACA}.Debug|x86.ActiveCfg = Debug|x86
		{3C7718A7-0FA5-412F-892B-116950F51ACA}.Debug|x86.Build.0 = Debug|x86
		{3C7718A7-0FA5-412F-892B-116950F51ACA}.Debug|x86.Deploy.0 = Debug|x86
		{3C7718A7-0FA5-412F-892B-116950F51ACA}.Release|Any CPU.ActiveCfg = Release|Any CPU
		{3C7718A7-0FA5-412F-892B-116950F51ACA}.Release|Any CPU.Build.0 = Release|Any CPU
		{3C7718A7-0FA5-412F-892B-116950F51ACA}.Release|Any CPU.Deploy.0 = Release|Any CPU
		{3C7718A7-0FA5-412F-892B-116950F51ACA}.Release|ARM.ActiveCfg = Release|ARM
		{3C7718A7-0FA5-412F-892B-116950F51ACA}.Release|ARM.Build.0 = Release|ARM
		{3C7718A7-0FA5-412F-892B-116950F51ACA}.Release|ARM.Deploy.0 = Release|ARM
		{3C7718A7-0FA5-412F-892B-116950F51ACA}.Release|x64.ActiveCfg = Release|Any CPU
		{3C7718A7-0FA5-412F-892B-116950F51ACA}.Release|x86.ActiveCfg = Release|x86
		{3C7718A7-0FA5-412F-892B-116950F51ACA}.Release|x86.Build.0 = Release|x86
		{3C7718A7-0FA5-412F-892B-116950F51ACA}.Release|x86.Deploy.0 = Release|x86
		{208C2FD3-0120-4A58-A300-CBF53A64D7A2}.Debug|Any CPU.ActiveCfg = Debug|Any CPU
		{208C2FD3-0120-4A58-A300-CBF53A64D7A2}.Debug|Any CPU.Build.0 = Debug|Any CPU
		{208C2FD3-0120-4A58-A300-CBF53A64D7A2}.Debug|Any CPU.Deploy.0 = Debug|Any CPU
		{208C2FD3-0120-4A58-A300-CBF53A64D7A2}.Debug|ARM.ActiveCfg = Debug|ARM
		{208C2FD3-0120-4A58-A300-CBF53A64D7A2}.Debug|ARM.Build.0 = Debug|ARM
		{208C2FD3-0120-4A58-A300-CBF53A64D7A2}.Debug|ARM.Deploy.0 = Debug|ARM
		{208C2FD3-0120-4A58-A300-CBF53A64D7A2}.Debug|x64.ActiveCfg = Debug|Any CPU
		{208C2FD3-0120-4A58-A300-CBF53A64D7A2}.Debug|x86.ActiveCfg = Debug|x86
		{208C2FD3-0120-4A58-A300-CBF53A64D7A2}.Debug|x86.Build.0 = Debug|x86
		{208C2FD3-0120-4A58-A300-CBF53A64D7A2}.Debug|x86.Deploy.0 = Debug|x86
		{208C2FD3-0120-4A58-A300-CBF53A64D7A2}.Release|Any CPU.ActiveCfg = Release|Any CPU
		{208C2FD3-0120-4A58-A300-CBF53A64D7A2}.Release|Any CPU.Build.0 = Release|Any CPU
		{208C2FD3-0120-4A58-A300-CBF53A64D7A2}.Release|Any CPU.Deploy.0 = Release|Any CPU
		{208C2FD3-0120-4A58-A300-CBF53A64D7A2}.Release|ARM.ActiveCfg = Release|ARM
		{208C2FD3-0120-4A58-A300-CBF53A64D7A2}.Release|ARM.Build.0 = Release|ARM
		{208C2FD3-0120-4A58-A300-CBF53A64D7A2}.Release|ARM.Deploy.0 = Release|ARM
		{208C2FD3-0120-4A58-A300-CBF53A64D7A2}.Release|x64.ActiveCfg = Release|Any CPU
		{208C2FD3-0120-4A58-A300-CBF53A64D7A2}.Release|x86.ActiveCfg = Release|x86
		{208C2FD3-0120-4A58-A300-CBF53A64D7A2}.Release|x86.Build.0 = Release|x86
		{208C2FD3-0120-4A58-A300-CBF53A64D7A2}.Release|x86.Deploy.0 = Release|x86
		{4A8D85F4-3846-443D-80A4-C0410FE2024C}.Debug|Any CPU.ActiveCfg = Debug|Any CPU
		{4A8D85F4-3846-443D-80A4-C0410FE2024C}.Debug|Any CPU.Build.0 = Debug|Any CPU
		{4A8D85F4-3846-443D-80A4-C0410FE2024C}.Debug|Any CPU.Deploy.0 = Debug|Any CPU
		{4A8D85F4-3846-443D-80A4-C0410FE2024C}.Debug|ARM.ActiveCfg = Debug|ARM
		{4A8D85F4-3846-443D-80A4-C0410FE2024C}.Debug|ARM.Build.0 = Debug|ARM
		{4A8D85F4-3846-443D-80A4-C0410FE2024C}.Debug|ARM.Deploy.0 = Debug|ARM
		{4A8D85F4-3846-443D-80A4-C0410FE2024C}.Debug|x64.ActiveCfg = Debug|Any CPU
		{4A8D85F4-3846-443D-80A4-C0410FE2024C}.Debug|x86.ActiveCfg = Debug|x86
		{4A8D85F4-3846-443D-80A4-C0410FE2024C}.Debug|x86.Build.0 = Debug|x86
		{4A8D85F4-3846-443D-80A4-C0410FE2024C}.Debug|x86.Deploy.0 = Debug|x86
		{4A8D85F4-3846-443D-80A4-C0410FE2024C}.Release|Any CPU.ActiveCfg = Release|Any CPU
		{4A8D85F4-3846-443D-80A4-C0410FE2024C}.Release|Any CPU.Build.0 = Release|Any CPU
		{4A8D85F4-3846-443D-80A4-C0410FE2024C}.Release|Any CPU.Deploy.0 = Release|Any CPU
		{4A8D85F4-3846-443D-80A4-C0410FE2024C}.Release|ARM.ActiveCfg = Release|ARM
		{4A8D85F4-3846-443D-80A4-C0410FE2024C}.Release|ARM.Build.0 = Release|ARM
		{4A8D85F4-3846-443D-80A4-C0410FE2024C}.Release|ARM.Deploy.0 = Release|ARM
		{4A8D85F4-3846-443D-80A4-C0410FE2024C}.Release|x64.ActiveCfg = Release|Any CPU
		{4A8D85F4-3846-443D-80A4-C0410FE2024C}.Release|x86.ActiveCfg = Release|x86
		{4A8D85F4-3846-443D-80A4-C0410FE2024C}.Release|x86.Build.0 = Release|x86
		{4A8D85F4-3846-443D-80A4-C0410FE2024C}.Release|x86.Deploy.0 = Release|x86
		{4CC49FFA-9A65-4A4B-A48D-BED8D38C6B52}.Debug|Any CPU.ActiveCfg = Debug|Any CPU
		{4CC49FFA-9A65-4A4B-A48D-BED8D38C6B52}.Debug|Any CPU.Build.0 = Debug|Any CPU
		{4CC49FFA-9A65-4A4B-A48D-BED8D38C6B52}.Debug|Any CPU.Deploy.0 = Debug|Any CPU
		{4CC49FFA-9A65-4A4B-A48D-BED8D38C6B52}.Debug|ARM.ActiveCfg = Debug|ARM
		{4CC49FFA-9A65-4A4B-A48D-BED8D38C6B52}.Debug|ARM.Build.0 = Debug|ARM
		{4CC49FFA-9A65-4A4B-A48D-BED8D38C6B52}.Debug|ARM.Deploy.0 = Debug|ARM
		{4CC49FFA-9A65-4A4B-A48D-BED8D38C6B52}.Debug|x64.ActiveCfg = Debug|x64
		{4CC49FFA-9A65-4A4B-A48D-BED8D38C6B52}.Debug|x64.Build.0 = Debug|x64
		{4CC49FFA-9A65-4A4B-A48D-BED8D38C6B52}.Debug|x64.Deploy.0 = Debug|x64
		{4CC49FFA-9A65-4A4B-A48D-BED8D38C6B52}.Debug|x86.ActiveCfg = Debug|x86
		{4CC49FFA-9A65-4A4B-A48D-BED8D38C6B52}.Debug|x86.Build.0 = Debug|x86
		{4CC49FFA-9A65-4A4B-A48D-BED8D38C6B52}.Debug|x86.Deploy.0 = Debug|x86
		{4CC49FFA-9A65-4A4B-A48D-BED8D38C6B52}.Release|Any CPU.ActiveCfg = Release|Any CPU
		{4CC49FFA-9A65-4A4B-A48D-BED8D38C6B52}.Release|Any CPU.Build.0 = Release|Any CPU
		{4CC49FFA-9A65-4A4B-A48D-BED8D38C6B52}.Release|Any CPU.Deploy.0 = Release|Any CPU
		{4CC49FFA-9A65-4A4B-A48D-BED8D38C6B52}.Release|ARM.ActiveCfg = Release|ARM
		{4CC49FFA-9A65-4A4B-A48D-BED8D38C6B52}.Release|ARM.Build.0 = Release|ARM
		{4CC49FFA-9A65-4A4B-A48D-BED8D38C6B52}.Release|ARM.Deploy.0 = Release|ARM
		{4CC49FFA-9A65-4A4B-A48D-BED8D38C6B52}.Release|x64.ActiveCfg = Release|x64
		{4CC49FFA-9A65-4A4B-A48D-BED8D38C6B52}.Release|x64.Build.0 = Release|x64
		{4CC49FFA-9A65-4A4B-A48D-BED8D38C6B52}.Release|x64.Deploy.0 = Release|x64
		{4CC49FFA-9A65-4A4B-A48D-BED8D38C6B52}.Release|x86.ActiveCfg = Release|x86
		{4CC49FFA-9A65-4A4B-A48D-BED8D38C6B52}.Release|x86.Build.0 = Release|x86
		{4CC49FFA-9A65-4A4B-A48D-BED8D38C6B52}.Release|x86.Deploy.0 = Release|x86
		{BE789F0F-7A95-40A7-8A6C-E6C5F17CBDC6}.Debug|Any CPU.ActiveCfg = Debug|Any CPU
		{BE789F0F-7A95-40A7-8A6C-E6C5F17CBDC6}.Debug|Any CPU.Build.0 = Debug|Any CPU
		{BE789F0F-7A95-40A7-8A6C-E6C5F17CBDC6}.Debug|Any CPU.Deploy.0 = Debug|Any CPU
		{BE789F0F-7A95-40A7-8A6C-E6C5F17CBDC6}.Debug|ARM.ActiveCfg = Debug|ARM
		{BE789F0F-7A95-40A7-8A6C-E6C5F17CBDC6}.Debug|ARM.Build.0 = Debug|ARM
		{BE789F0F-7A95-40A7-8A6C-E6C5F17CBDC6}.Debug|ARM.Deploy.0 = Debug|ARM
		{BE789F0F-7A95-40A7-8A6C-E6C5F17CBDC6}.Debug|x64.ActiveCfg = Debug|x64
		{BE789F0F-7A95-40A7-8A6C-E6C5F17CBDC6}.Debug|x64.Build.0 = Debug|x64
		{BE789F0F-7A95-40A7-8A6C-E6C5F17CBDC6}.Debug|x64.Deploy.0 = Debug|x64
		{BE789F0F-7A95-40A7-8A6C-E6C5F17CBDC6}.Debug|x86.ActiveCfg = Debug|x86
		{BE789F0F-7A95-40A7-8A6C-E6C5F17CBDC6}.Debug|x86.Build.0 = Debug|x86
		{BE789F0F-7A95-40A7-8A6C-E6C5F17CBDC6}.Debug|x86.Deploy.0 = Debug|x86
		{BE789F0F-7A95-40A7-8A6C-E6C5F17CBDC6}.Release|Any CPU.ActiveCfg = Release|Any CPU
		{BE789F0F-7A95-40A7-8A6C-E6C5F17CBDC6}.Release|Any CPU.Build.0 = Release|Any CPU
		{BE789F0F-7A95-40A7-8A6C-E6C5F17CBDC6}.Release|Any CPU.Deploy.0 = Release|Any CPU
		{BE789F0F-7A95-40A7-8A6C-E6C5F17CBDC6}.Release|ARM.ActiveCfg = Release|ARM
		{BE789F0F-7A95-40A7-8A6C-E6C5F17CBDC6}.Release|ARM.Build.0 = Release|ARM
		{BE789F0F-7A95-40A7-8A6C-E6C5F17CBDC6}.Release|ARM.Deploy.0 = Release|ARM
		{BE789F0F-7A95-40A7-8A6C-E6C5F17CBDC6}.Release|x64.ActiveCfg = Release|x64
		{BE789F0F-7A95-40A7-8A6C-E6C5F17CBDC6}.Release|x64.Build.0 = Release|x64
		{BE789F0F-7A95-40A7-8A6C-E6C5F17CBDC6}.Release|x64.Deploy.0 = Release|x64
		{BE789F0F-7A95-40A7-8A6C-E6C5F17CBDC6}.Release|x86.ActiveCfg = Release|x86
		{BE789F0F-7A95-40A7-8A6C-E6C5F17CBDC6}.Release|x86.Build.0 = Release|x86
		{BE789F0F-7A95-40A7-8A6C-E6C5F17CBDC6}.Release|x86.Deploy.0 = Release|x86
		{62D2C1C4-26A2-408D-8CBF-17D4EBDD2676}.Debug|Any CPU.ActiveCfg = Debug|Any CPU
		{62D2C1C4-26A2-408D-8CBF-17D4EBDD2676}.Debug|Any CPU.Build.0 = Debug|Any CPU
		{62D2C1C4-26A2-408D-8CBF-17D4EBDD2676}.Debug|Any CPU.Deploy.0 = Debug|Any CPU
		{62D2C1C4-26A2-408D-8CBF-17D4EBDD2676}.Debug|ARM.ActiveCfg = Debug|ARM
		{62D2C1C4-26A2-408D-8CBF-17D4EBDD2676}.Debug|ARM.Build.0 = Debug|ARM
		{62D2C1C4-26A2-408D-8CBF-17D4EBDD2676}.Debug|ARM.Deploy.0 = Debug|ARM
		{62D2C1C4-26A2-408D-8CBF-17D4EBDD2676}.Debug|x64.ActiveCfg = Debug|Any CPU
		{62D2C1C4-26A2-408D-8CBF-17D4EBDD2676}.Debug|x86.ActiveCfg = Debug|x86
		{62D2C1C4-26A2-408D-8CBF-17D4EBDD2676}.Debug|x86.Build.0 = Debug|x86
		{62D2C1C4-26A2-408D-8CBF-17D4EBDD2676}.Debug|x86.Deploy.0 = Debug|x86
		{62D2C1C4-26A2-408D-8CBF-17D4EBDD2676}.Release|Any CPU.ActiveCfg = Release|Any CPU
		{62D2C1C4-26A2-408D-8CBF-17D4EBDD2676}.Release|Any CPU.Build.0 = Release|Any CPU
		{62D2C1C4-26A2-408D-8CBF-17D4EBDD2676}.Release|Any CPU.Deploy.0 = Release|Any CPU
		{62D2C1C4-26A2-408D-8CBF-17D4EBDD2676}.Release|ARM.ActiveCfg = Release|ARM
		{62D2C1C4-26A2-408D-8CBF-17D4EBDD2676}.Release|ARM.Build.0 = Release|ARM
		{62D2C1C4-26A2-408D-8CBF-17D4EBDD2676}.Release|ARM.Deploy.0 = Release|ARM
		{62D2C1C4-26A2-408D-8CBF-17D4EBDD2676}.Release|x64.ActiveCfg = Release|Any CPU
		{62D2C1C4-26A2-408D-8CBF-17D4EBDD2676}.Release|x86.ActiveCfg = Release|x86
		{62D2C1C4-26A2-408D-8CBF-17D4EBDD2676}.Release|x86.Build.0 = Release|x86
		{62D2C1C4-26A2-408D-8CBF-17D4EBDD2676}.Release|x86.Deploy.0 = Release|x86
	EndGlobalSection
	GlobalSection(SolutionProperties) = preSolution
		HideSolutionNode = FALSE
	EndGlobalSection
	GlobalSection(NestedProjects) = preSolution
		{3C7718A7-0FA5-412F-892B-116950F51ACA} = {A6B09C22-D976-47EB-9ECA-93B9A5AC7853}
		{208C2FD3-0120-4A58-A300-CBF53A64D7A2} = {A6B09C22-D976-47EB-9ECA-93B9A5AC7853}
		{4A8D85F4-3846-443D-80A4-C0410FE2024C} = {A6B09C22-D976-47EB-9ECA-93B9A5AC7853}
		{4CC49FFA-9A65-4A4B-A48D-BED8D38C6B52} = {516F3841-2ADC-41F7-B501-790128D23E9F}
		{83D0FBFB-67AB-4EEB-89A2-0144982C5E74} = {103A876F-538B-4634-A88D-FB6791A0354C}
		{BE789F0F-7A95-40A7-8A6C-E6C5F17CBDC6} = {103A876F-538B-4634-A88D-FB6791A0354C}
		{62D2C1C4-26A2-408D-8CBF-17D4EBDD2676} = {103A876F-538B-4634-A88D-FB6791A0354C}
	EndGlobalSection
EndGlobal
